
Microsoft Visual Studio Solution File, Format Version 12.00
# Visual Studio Version 17
VisualStudioVersion = 17.13.35818.85 d17.13
MinimumVisualStudioVersion = 10.0.40219.1
Project("{FAE04EC0-301F-11D3-BF4B-00C04F79EFBC}") = "SneakerStore", "SneakerStore.csproj", "{9E4A4067-FD47-45C1-B874-8499F9F8C861}"
EndProject
Global
	GlobalSection(SolutionConfigurationPlatforms) = preSolution
		Debug|Any CPU = Debug|Any CPU
		Release|Any CPU = Release|Any CPU
	EndGlobalSection
	GlobalSection(ProjectConfigurationPlatforms) = postSolution
		{9E4A4067-FD47-45C1-B874-8499F9F8C861}.Debug|Any CPU.ActiveCfg = Debug|Any CPU
		{9E4A4067-FD47-45C1-B874-8499F9F8C861}.Debug|Any CPU.Build.0 = Debug|Any CPU
		{9E4A4067-FD47-45C1-B874-8499F9F8C861}.Release|Any CPU.ActiveCfg = Release|Any CPU
		{9E4A4067-FD47-45C1-B874-8499F9F8C861}.Release|Any CPU.Build.0 = Release|Any CPU
	EndGlobalSection
	GlobalSection(SolutionProperties) = preSolution
		HideSolutionNode = FALSE
	EndGlobalSection
	GlobalSection(ExtensibilityGlobals) = postSolution
		SolutionGuid = {A8DF8B8F-963A-4758-AD9C-D683DC976AC1}
	EndGlobalSection
EndGlobal
